// !$*UTF8*$!
{
	archiveVersion = 1;
	classes = {
	};
	objectVersion = 46;
	objects = {

/* Begin PBXBuildFile section */
		303DE7F41B7A381B00C63BFF /* main.m in Sources */ = {isa = PBXBuildFile; fileRef = 303DE7F31B7A381B00C63BFF /* main.m */; };
		303DE7F71B7A381B00C63BFF /* AppDelegate.m in Sources */ = {isa = PBXBuildFile; fileRef = 303DE7F61B7A381B00C63BFF /* AppDelegate.m */; };
		303DE8001B7A381B00C63BFF /* Main.storyboard in Resources */ = {isa = PBXBuildFile; fileRef = 303DE7FE1B7A381B00C63BFF /* Main.storyboard */; };
		303DE8021B7A381B00C63BFF /* Images.xcassets in Resources */ = {isa = PBXBuildFile; fileRef = 303DE8011B7A381B00C63BFF /* Images.xcassets */; };
		303DE81C1B7A383900C63BFF /* AdbladeSDK.framework in Embed Frameworks */ = {isa = PBXBuildFile; fileRef = 303DE81A1B7A383900C63BFF /* AdbladeSDK.framework */; settings = {ATTRIBUTES = (CodeSignOnCopy, RemoveHeadersOnCopy, ); }; };
		303DE8201B7A38F000C63BFF /* BannerViewController.m in Sources */ = {isa = PBXBuildFile; fileRef = 303DE81F1B7A38F000C63BFF /* BannerViewController.m */; };
		304E62C01B7A41D100F875D4 /* NativeViewController.m in Sources */ = {isa = PBXBuildFile; fileRef = 304E62BF1B7A41D100F875D4 /* NativeViewController.m */; };
		304E62C31B7A438000F875D4 /* InterstitialViewController.m in Sources */ = {isa = PBXBuildFile; fileRef = 304E62C21B7A438000F875D4 /* InterstitialViewController.m */; };
/* End PBXBuildFile section */

/* Begin PBXCopyFilesBuildPhase section */
		303DE81D1B7A383900C63BFF /* Embed Frameworks */ = {
			isa = PBXCopyFilesBuildPhase;
			buildActionMask = 2147483647;
			dstPath = "";
			dstSubfolderSpec = 10;
			files = (
				303DE81C1B7A383900C63BFF /* AdbladeSDK.framework in Embed Frameworks */,
			);
			name = "Embed Frameworks";
			runOnlyForDeploymentPostprocessing = 0;
		};
/* End PBXCopyFilesBuildPhase section */

/* Begin PBXFileReference section */
		303DE7EE1B7A381B00C63BFF /* ios-sdk-objc-example.app */ = {isa = PBXFileReference; explicitFileType = wrapper.application; includeInIndex = 0; path = "ios-sdk-objc-example.app"; sourceTree = BUILT_PRODUCTS_DIR; };
		303DE7F21B7A381B00C63BFF /* Info.plist */ = {isa = PBXFileReference; lastKnownFileType = text.plist.xml; path = Info.plist; sourceTree = "<group>"; };
		303DE7F31B7A381B00C63BFF /* main.m */ = {isa = PBXFileReference; lastKnownFileType = sourcecode.c.objc; path = main.m; sourceTree = "<group>"; };
		303DE7F51B7A381B00C63BFF /* AppDelegate.h */ = {isa = PBXFileReference; lastKnownFileType = sourcecode.c.h; path = AppDelegate.h; sourceTree = "<group>"; };
		303DE7F61B7A381B00C63BFF /* AppDelegate.m */ = {isa = PBXFileReference; lastKnownFileType = sourcecode.c.objc; path = AppDelegate.m; sourceTree = "<group>"; };
		303DE7FF1B7A381B00C63BFF /* Base */ = {isa = PBXFileReference; lastKnownFileType = file.storyboard; name = Base; path = Base.lproj/Main.storyboard; sourceTree = "<group>"; };
		303DE8011B7A381B00C63BFF /* Images.xcassets */ = {isa = PBXFileReference; lastKnownFileType = folder.assetcatalog; path = Images.xcassets; sourceTree = "<group>"; };
		303DE81A1B7A383900C63BFF /* AdbladeSDK.framework */ = {isa = PBXFileReference; lastKnownFileType = wrapper.framework; path = AdbladeSDK.framework; sourceTree = "<group>"; };
		303DE81E1B7A38F000C63BFF /* BannerViewController.h */ = {isa = PBXFileReference; fileEncoding = 4; lastKnownFileType = sourcecode.c.h; path = BannerViewController.h; sourceTree = "<group>"; };
		303DE81F1B7A38F000C63BFF /* BannerViewController.m */ = {isa = PBXFileReference; fileEncoding = 4; lastKnownFileType = sourcecode.c.objc; path = BannerViewController.m; sourceTree = "<group>"; };
		304E62BE1B7A41D100F875D4 /* NativeViewController.h */ = {isa = PBXFileReference; fileEncoding = 4; lastKnownFileType = sourcecode.c.h; path = NativeViewController.h; sourceTree = "<group>"; };
		304E62BF1B7A41D100F875D4 /* NativeViewController.m */ = {isa = PBXFileReference; fileEncoding = 4; lastKnownFileType = sourcecode.c.objc; path = NativeViewController.m; sourceTree = "<group>"; };
		304E62C11B7A438000F875D4 /* InterstitialViewController.h */ = {isa = PBXFileReference; fileEncoding = 4; lastKnownFileType = sourcecode.c.h; path = InterstitialViewController.h; sourceTree = "<group>"; };
		304E62C21B7A438000F875D4 /* InterstitialViewController.m */ = {isa = PBXFileReference; fileEncoding = 4; lastKnownFileType = sourcecode.c.objc; path = InterstitialViewController.m; sourceTree = "<group>"; };
/* End PBXFileReference section */

/* Begin PBXFrameworksBuildPhase section */
		303DE7EB1B7A381B00C63BFF /* Frameworks */ = {
			isa = PBXFrameworksBuildPhase;
			buildActionMask = 2147483647;
			files = (
			);
			runOnlyForDeploymentPostprocessing = 0;
		};
/* End PBXFrameworksBuildPhase section */

/* Begin PBXGroup section */
		303DE7E51B7A381B00C63BFF = {
			isa = PBXGroup;
			children = (
				303DE81A1B7A383900C63BFF /* AdbladeSDK.framework */,
				303DE7F01B7A381B00C63BFF /* ios-sdk-objc-example */,
				303DE7EF1B7A381B00C63BFF /* Products */,
			);
			sourceTree = "<group>";
		};
		303DE7EF1B7A381B00C63BFF /* Products */ = {
			isa = PBXGroup;
			children = (
				303DE7EE1B7A381B00C63BFF /* ios-sdk-objc-example.app */,
			);
			name = Products;
			sourceTree = "<group>";
		};
		303DE7F01B7A381B00C63BFF /* ios-sdk-objc-example */ = {
			isa = PBXGroup;
			children = (
				303DE7F51B7A381B00C63BFF /* AppDelegate.h */,
				303DE7F61B7A381B00C63BFF /* AppDelegate.m */,
				303DE7FE1B7A381B00C63BFF /* Main.storyboard */,
				303DE8011B7A381B00C63BFF /* Images.xcassets */,
				303DE7F11B7A381B00C63BFF /* Supporting Files */,
				303DE81E1B7A38F000C63BFF /* BannerViewController.h */,
				303DE81F1B7A38F000C63BFF /* BannerViewController.m */,
				304E62BE1B7A41D100F875D4 /* NativeViewController.h */,
				304E62BF1B7A41D100F875D4 /* NativeViewController.m */,
				304E62C11B7A438000F875D4 /* InterstitialViewController.h */,
				304E62C21B7A438000F875D4 /* InterstitialViewController.m */,
			);
			path = "ios-sdk-objc-example";
			sourceTree = "<group>";
		};
		303DE7F11B7A381B00C63BFF /* Supporting Files */ = {
			isa = PBXGroup;
			children = (
				303DE7F21B7A381B00C63BFF /* Info.plist */,
				303DE7F31B7A381B00C63BFF /* main.m */,
			);
			name = "Supporting Files";
			sourceTree = "<group>";
		};
/* End PBXGroup section */

/* Begin PBXNativeTarget section */
		303DE7ED1B7A381B00C63BFF /* ios-sdk-objc-example */ = {
			isa = PBXNativeTarget;
			buildConfigurationList = 303DE8141B7A381C00C63BFF /* Build configuration list for PBXNativeTarget "ios-sdk-objc-example" */;
			buildPhases = (
				303DE7EA1B7A381B00C63BFF /* Sources */,
				303DE7EB1B7A381B00C63BFF /* Frameworks */,
				303DE7EC1B7A381B00C63BFF /* Resources */,
				303DE81D1B7A383900C63BFF /* Embed Frameworks */,
			);
			buildRules = (
			);
			dependencies = (
			);
			name = "ios-sdk-objc-example";
			productName = "ios-sdk-objc-example";
			productReference = 303DE7EE1B7A381B00C63BFF /* ios-sdk-objc-example.app */;
			productType = "com.apple.product-type.application";
		};
/* End PBXNativeTarget section */

/* Begin PBXProject section */
		303DE7E61B7A381B00C63BFF /* Project object */ = {
			isa = PBXProject;
			attributes = {
				LastUpgradeCheck = 0640;
				ORGANIZATIONNAME = "Joe Frazer";
				TargetAttributes = {
					303DE7ED1B7A381B00C63BFF = {
						CreatedOnToolsVersion = 6.4;
					};
				};
			};
			buildConfigurationList = 303DE7E91B7A381B00C63BFF /* Build configuration list for PBXProject "ios-sdk-objc-example" */;
			compatibilityVersion = "Xcode 3.2";
			developmentRegion = English;
			hasScannedForEncodings = 0;
			knownRegions = (
				en,
				Base,
			);
			mainGroup = 303DE7E51B7A381B00C63BFF;
			productRefGroup = 303DE7EF1B7A381B00C63BFF /* Products */;
			projectDirPath = "";
			projectRoot = "";
			targets = (
				303DE7ED1B7A381B00C63BFF /* ios-sdk-objc-example */,
			);
		};
/* End PBXProject section */

/* Begin PBXResourcesBuildPhase section */
		303DE7EC1B7A381B00C63BFF /* Resources */ = {
			isa = PBXResourcesBuildPhase;
			buildActionMask = 2147483647;
			files = (
				303DE8001B7A381B00C63BFF /* Main.storyboard in Resources */,
				303DE8021B7A381B00C63BFF /* Images.xcassets in Resources */,
			);
			runOnlyForDeploymentPostprocessing = 0;
		};
/* End PBXResourcesBuildPhase section */

/* Begin PBXSourcesBuildPhase section */
		303DE7EA1B7A381B00C63BFF /* Sources */ = {
			isa = PBXSourcesBuildPhase;
			buildActionMask = 2147483647;
			files = (
				304E62C01B7A41D100F875D4 /* NativeViewController.m in Sources */,
				303DE7F71B7A381B00C63BFF /* AppDelegate.m in Sources */,
				304E62C31B7A438000F875D4 /* InterstitialViewController.m in Sources */,
				303DE7F41B7A381B00C63BFF /* main.m in Sources */,
				303DE8201B7A38F000C63BFF /* BannerViewController.m in Sources */,
			);
			runOnlyForDeploymentPostprocessing = 0;
		};
/* End PBXSourcesBuildPhase section */

/* Begin PBXVariantGroup section */
		303DE7FE1B7A381B00C63BFF /* Main.storyboard */ = {
			isa = PBXVariantGroup;
			children = (
				303DE7FF1B7A381B00C63BFF /* Base */,
			);
			name = Main.storyboard;
			sourceTree = "<group>";
		};
/* End PBXVariantGroup section */

/* Begin XCBuildConfiguration section */
		303DE8121B7A381C00C63BFF /* Debug */ = {
			isa = XCBuildConfiguration;
			buildSettings = {
				ALWAYS_SEARCH_USER_PATHS = NO;
				CLANG_CXX_LANGUAGE_STANDARD = "gnu++0x";
				CLANG_CXX_LIBRARY = "libc++";
				CLANG_ENABLE_MODULES = YES;
				CLANG_ENABLE_OBJC_ARC = YES;
				CLANG_WARN_BOOL_CONVERSION = YES;
				CLANG_WARN_CONSTANT_CONVERSION = YES;
				CLANG_WARN_DIRECT_OBJC_ISA_USAGE = YES_ERROR;
				CLANG_WARN_EMPTY_BODY = YES;
				CLANG_WARN_ENUM_CONVERSION = YES;
				CLANG_WARN_INT_CONVERSION = YES;
				CLANG_WARN_OBJC_ROOT_CLASS = YES_ERROR;
				CLANG_WARN_UNREACHABLE_CODE = YES;
				CLANG_WARN__DUPLICATE_METHOD_MATCH = YES;
				"CODE_SIGN_IDENTITY[sdk=iphoneos*]" = "iPhone Developer";
				COPY_PHASE_STRIP = NO;
				DEBUG_INFORMATION_FORMAT = "dwarf-with-dsym";
				EMBEDDED_CONTENT_CONTAINS_SWIFT = YES;
				ENABLE_STRICT_OBJC_MSGSEND = YES;
				GCC_C_LANGUAGE_STANDARD = gnu99;
				GCC_DYNAMIC_NO_PIC = NO;
				GCC_NO_COMMON_BLOCKS = YES;
				GCC_OPTIMIZATION_LEVEL = 0;
				GCC_PREPROCESSOR_DEFINITIONS = (
					"DEBUG=1",
					"$(inherited)",
				);
				GCC_SYMBOLS_PRIVATE_EXTERN = NO;
				GCC_WARN_64_TO_32_BIT_CONVERSION = YES;
				GCC_WARN_ABOUT_RETURN_TYPE = YES_ERROR;
				GCC_WARN_UNDECLARED_SELECTOR = YES;
				GCC_WARN_UNINITIALIZED_AUTOS = YES_AGGRESSIVE;
				GCC_WARN_UNUSED_FUNCTION = YES;
				GCC_WARN_UNUSED_VARIABLE = YES;
				IPHONEOS_DEPLOYMENT_TARGET = 8.4;
				MTL_ENABLE_DEBUG_INFO = YES;
				ONLY_ACTIVE_ARCH = YES;
				SDKROOT = iphoneos;
				TARGETED_DEVICE_FAMILY = "1,2";
			};
			name = Debug;
		};
		303DE8131B7A381C00C63BFF /* Release */ = {
			isa = XCBuildConfiguration;
			buildSettings = {
				ALWAYS_SEARCH_USER_PATHS = NO;
				CLANG_CXX_LANGUAGE_STANDARD = "gnu++0x";
				CLANG_CXX_LIBRARY = "libc++";
				CLANG_ENABLE_MODULES = YES;
				CLANG_ENABLE_OBJC_ARC = YES;
				CLANG_WARN_BOOL_CONVERSION = YES;
				CLANG_WARN_CONSTANT_CONVERSION = YES;
				CLANG_WARN_DIRECT_OBJC_ISA_USAGE = YES_ERROR;
				CLANG_WARN_EMPTY_BODY = YES;
				CLANG_WARN_ENUM_CONVERSION = YES;
				CLANG_WARN_INT_CONVERSION = YES;
				CLANG_WARN_OBJC_ROOT_CLASS = YES_ERROR;
				CLANG_WARN_UNREACHABLE_CODE = YES;
				CLANG_WARN__DUPLICATE_METHOD_MATCH = YES;
				"CODE_SIGN_IDENTITY[sdk=iphoneos*]" = "iPhone Developer";
				COPY_PHASE_STRIP = NO;
				DEBUG_INFORMATION_FORMAT = "dwarf-with-dsym";
				EMBEDDED_CONTENT_CONTAINS_SWIFT = YES;
				ENABLE_NS_ASSERTIONS = NO;
				ENABLE_STRICT_OBJC_MSGSEND = YES;
				GCC_C_LANGUAGE_STANDARD = gnu99;
				GCC_NO_COMMON_BLOCKS = YES;
				GCC_WARN_64_TO_32_BIT_CONVERSION = YES;
				GCC_WARN_ABOUT_RETURN_TYPE = YES_ERROR;
				GCC_WARN_UNDECLARED_SELECTOR = YES;
				GCC_WARN_UNINITIALIZED_AUTOS = YES_AGGRESSIVE;
				GCC_WARN_UNUSED_FUNCTION = YES;
				GCC_WARN_UNUSED_VARIABLE = YES;
				IPHONEOS_DEPLOYMENT_TARGET = 8.4;
				MTL_ENABLE_DEBUG_INFO = NO;
				SDKROOT = iphoneos;
				TARGETED_DEVICE_FAMILY = "1,2";
				VALIDATE_PRODUCT = YES;
			};
			name = Release;
		};
		303DE8151B7A381C00C63BFF /* Debug */ = {
			isa = XCBuildConfiguration;
			buildSettings = {
				ASSETCATALOG_COMPILER_APPICON_NAME = AppIcon;
				FRAMEWORK_SEARCH_PATHS = (
					"$(inherited)",
					"$(PROJECT_DIR)",
				);
				INFOPLIST_FILE = "ios-sdk-objc-example/Info.plist";
				LD_RUNPATH_SEARCH_PATHS = "$(inherited) @executable_path/Frameworks";
				PRODUCT_NAME = "$(TARGET_NAME)";
			};
			name = Debug;
		};
		303DE8161B7A381C00C63BFF /* Release */ = {
			isa = XCBuildConfiguration;
			buildSettings = {
				ASSETCATALOG_COMPILER_APPICON_NAME = AppIcon;
				FRAMEWORK_SEARCH_PATHS = (
					"$(inherited)",
					"$(PROJECT_DIR)",
				);
				INFOPLIST_FILE = "ios-sdk-objc-example/Info.plist";
				LD_RUNPATH_SEARCH_PATHS = "$(inherited) @executable_path/Frameworks";
				PRODUCT_NAME = "$(TARGET_NAME)";
			};
			name = Release;
		};
/* End XCBuildConfiguration section */

/* Begin XCConfigurationList section */
		303DE7E91B7A381B00C63BFF /* Build configuration list for PBXProject "ios-sdk-objc-example" */ = {
			isa = XCConfigurationList;
			buildConfigurations = (
				303DE8121B7A381C00C63BFF /* Debug */,
				303DE8131B7A381C00C63BFF /* Release */,
			);
			defaultConfigurationIsVisible = 0;
			defaultConfigurationName = Release;
		};
		303DE8141B7A381C00C63BFF /* Build configuration list for PBXNativeTarget "ios-sdk-objc-example" */ = {
			isa = XCConfigurationList;
			buildConfigurations = (
				303DE8151B7A381C00C63BFF /* Debug */,
				303DE8161B7A381C00C63BFF /* Release */,
			);
			defaultConfigurationIsVisible = 0;
			defaultConfigurationName = Release;
		};
/* End XCConfigurationList section */
	};
	rootObject = 303DE7E61B7A381B00C63BFF /* Project object */;
}
